
Microsoft Visual Studio Solution File, Format Version 12.00
# Visual Studio 15
VisualStudioVersion = 15.0.27703.2042
MinimumVisualStudioVersion = 10.0.40219.1
Project("{FAE04EC0-301F-11D3-BF4B-00C04F79EFBC}") = "CreateDynamicShapes", "CreateDynamicShapes\CreateDynamicShapes.csproj", "{6ECBE5DA-D707-4960-A645-F2093683CB30}"
EndProject
Global
	GlobalSection(SolutionConfigurationPlatforms) = preSolution
		Debug|Any CPU = Debug|Any CPU
		Release|Any CPU = Release|Any CPU
	EndGlobalSection
	GlobalSection(ProjectConfigurationPlatforms) = postSolution
		{6ECBE5DA-D707-4960-A645-F2093683CB30}.Debug|Any CPU.ActiveCfg = Debug|Any CPU
		{6ECBE5DA-D707-4960-A645-F2093683CB30}.Debug|Any CPU.Build.0 = Debug|Any CPU
		{6ECBE5DA-D707-4960-A645-F2093683CB30}.Release|Any CPU.ActiveCfg = Release|Any CPU
		{6ECBE5DA-D707-4960-A645-F2093683CB30}.Release|Any CPU.Build.0 = Release|Any CPU
	EndGlobalSection
	GlobalSection(SolutionProperties) = preSolution
		HideSolutionNode = FALSE
	EndGlobalSection
	GlobalSection(ExtensibilityGlobals) = postSolution
		SolutionGuid = {4580564F-5D60-41C4-8A0D-CB6C942912A6}
	EndGlobalSection
EndGlobal
